
Microsoft Visual Studio Solution File, Format Version 12.00
# Visual Studio 15
VisualStudioVersion = 15.0.28307.539
MinimumVisualStudioVersion = 10.0.40219.1
Project("{FAE04EC0-301F-11D3-BF4B-00C04F79EFBC}") = "WebApplication", "..\WebApplication\WebApplication.csproj", "{718023A6-EBF4-4AE9-B1A3-F91E00542D39}"
EndProject
Project("{FAE04EC0-301F-11D3-BF4B-00C04F79EFBC}") = "FunctionApp", "FunctionApp\FunctionApp.csproj", "{BF461750-A8B2-4B69-BC1B-D48E24DEF804}"
EndProject
Global
	GlobalSection(SolutionConfigurationPlatforms) = preSolution
		Debug|Any CPU = Debug|Any CPU
		Release|Any CPU = Release|Any CPU
	EndGlobalSection
	GlobalSection(ProjectConfigurationPlatforms) = postSolution
		{718023A6-EBF4-4AE9-B1A3-F91E00542D39}.Debug|Any CPU.ActiveCfg = Debug|Any CPU
		{718023A6-EBF4-4AE9-B1A3-F91E00542D39}.Debug|Any CPU.Build.0 = Debug|Any CPU
		{718023A6-EBF4-4AE9-B1A3-F91E00542D39}.Release|Any CPU.ActiveCfg = Release|Any CPU
		{718023A6-EBF4-4AE9-B1A3-F91E00542D39}.Release|Any CPU.Build.0 = Release|Any CPU
		{BF461750-A8B2-4B69-BC1B-D48E24DEF804}.Debug|Any CPU.ActiveCfg = Debug|Any CPU
		{BF461750-A8B2-4B69-BC1B-D48E24DEF804}.Debug|Any CPU.Build.0 = Debug|Any CPU
		{BF461750-A8B2-4B69-BC1B-D48E24DEF804}.Release|Any CPU.ActiveCfg = Release|Any CPU
		{BF461750-A8B2-4B69-BC1B-D48E24DEF804}.Release|Any CPU.Build.0 = Release|Any CPU
	EndGlobalSection
	GlobalSection(SolutionProperties) = preSolution
		HideSolutionNode = FALSE
	EndGlobalSection
	GlobalSection(ExtensibilityGlobals) = postSolution
		SolutionGuid = {57B83933-DBD3-4F9C-922C-F58CAF0A7AD7}
	EndGlobalSection
EndGlobal
