
Microsoft Visual Studio Solution File, Format Version 12.00
# Visual Studio Version 16
VisualStudioVersion = 16.0.28803.202
MinimumVisualStudioVersion = 10.0.40219.1
Project("{9A19103F-16F7-4668-BE54-9A1E7A4F7556}") = "WebApp", "WebApp\WebApp.csproj", "{718023A6-EBF4-4AE9-B1A3-F91E00542D39}"
EndProject
Project("{9A19103F-16F7-4668-BE54-9A1E7A4F7556}") = "FuncApp", "FuncApp\FuncApp.csproj", "{BF461750-A8B2-4B69-BC1B-D48E24DEF804}"
EndProject
Global
	GlobalSection(SolutionConfigurationPlatforms) = preSolution
		Debug|Any CPU = Debug|Any CPU
		Release|Any CPU = Release|Any CPU
	EndGlobalSection
	GlobalSection(ProjectConfigurationPlatforms) = postSolution
		{718023A6-EBF4-4AE9-B1A3-F91E00542D39}.Debug|Any CPU.ActiveCfg = Debug|Any CPU
		{718023A6-EBF4-4AE9-B1A3-F91E00542D39}.Debug|Any CPU.Build.0 = Debug|Any CPU
		{718023A6-EBF4-4AE9-B1A3-F91E00542D39}.Release|Any CPU.ActiveCfg = Release|Any CPU
		{718023A6-EBF4-4AE9-B1A3-F91E00542D39}.Release|Any CPU.Build.0 = Release|Any CPU
		{BF461750-A8B2-4B69-BC1B-D48E24DEF804}.Debug|Any CPU.ActiveCfg = Debug|Any CPU
		{BF461750-A8B2-4B69-BC1B-D48E24DEF804}.Debug|Any CPU.Build.0 = Debug|Any CPU
		{BF461750-A8B2-4B69-BC1B-D48E24DEF804}.Release|Any CPU.ActiveCfg = Release|Any CPU
		{BF461750-A8B2-4B69-BC1B-D48E24DEF804}.Release|Any CPU.Build.0 = Release|Any CPU
	EndGlobalSection
	GlobalSection(SolutionProperties) = preSolution
		HideSolutionNode = FALSE
	EndGlobalSection
	GlobalSection(ExtensibilityGlobals) = postSolution
		SolutionGuid = {57B83933-DBD3-4F9C-922C-F58CAF0A7AD7}
	EndGlobalSection
EndGlobal
